# This file is automatically @generated by Cargo.
# It is not intended for manual editing.
version = 4

[[package]]
name = "nrf52840-led-blink"
version = "0.1.0"
dependencies = [
 "nrf52840_hal",
 "nrf52840_pac",
]

[[package]]
name = "nrf52840_hal"
version = "0.1.0"
dependencies = [
 "nrf52840_pac",
]

[[package]]
name = "nrf52840_pac"
version = "0.1.0"
